
Microsoft Visual Studio Solution File, Format Version 12.00
# Visual Studio 15
Project("{FAE04EC0-301F-11D3-BF4B-00C04F79EFBC}") = "Main", "Main.csproj", "{DAB840F3-7949-07B9-C1B8-E8616B29261C}"
EndProject
Project("{FAE04EC0-301F-11D3-BF4B-00C04F79EFBC}") = "Tests", "Tests.csproj", "{33EE6815-A0F0-6424-9569-A0FAC9E03567}"
EndProject
Project("{FAE04EC0-301F-11D3-BF4B-00C04F79EFBC}") = "Assembly-CSharp-Editor-firstpass", "Assembly-CSharp-Editor-firstpass.csproj", "{B7727D18-F420-035D-3841-F3662E18837D}"
EndProject
Global
	GlobalSection(SolutionConfigurationPlatforms) = preSolution
		Debug|Any CPU = Debug|Any CPU
		Release|Any CPU = Release|Any CPU
	EndGlobalSection
	GlobalSection(ProjectConfigurationPlatforms) = postSolution
		{DAB840F3-7949-07B9-C1B8-E8616B29261C}.Debug|Any CPU.ActiveCfg = Debug|Any CPU
		{DAB840F3-7949-07B9-C1B8-E8616B29261C}.Debug|Any CPU.Build.0 = Debug|Any CPU
		{DAB840F3-7949-07B9-C1B8-E8616B29261C}.Release|Any CPU.ActiveCfg = Release|Any CPU
		{DAB840F3-7949-07B9-C1B8-E8616B29261C}.Release|Any CPU.Build.0 = Release|Any CPU
		{33EE6815-A0F0-6424-9569-A0FAC9E03567}.Debug|Any CPU.ActiveCfg = Debug|Any CPU
		{33EE6815-A0F0-6424-9569-A0FAC9E03567}.Debug|Any CPU.Build.0 = Debug|Any CPU
		{33EE6815-A0F0-6424-9569-A0FAC9E03567}.Release|Any CPU.ActiveCfg = Release|Any CPU
		{33EE6815-A0F0-6424-9569-A0FAC9E03567}.Release|Any CPU.Build.0 = Release|Any CPU
		{B7727D18-F420-035D-3841-F3662E18837D}.Debug|Any CPU.ActiveCfg = Debug|Any CPU
		{B7727D18-F420-035D-3841-F3662E18837D}.Debug|Any CPU.Build.0 = Debug|Any CPU
		{B7727D18-F420-035D-3841-F3662E18837D}.Release|Any CPU.ActiveCfg = Release|Any CPU
		{B7727D18-F420-035D-3841-F3662E18837D}.Release|Any CPU.Build.0 = Release|Any CPU
	EndGlobalSection
	GlobalSection(SolutionProperties) = preSolution
		HideSolutionNode = FALSE
	EndGlobalSection
EndGlobal
